// !$*UTF8*$!
{
	archiveVersion = 1;
	classes = {
	};
	objectVersion = 50;
	objects = {

/* Begin PBXBuildFile section */
		1A951A8320B4244B00D27F09 /* AppDelegate.swift in Sources */ = {isa = PBXBuildFile; fileRef = 1A951A8220B4244B00D27F09 /* AppDelegate.swift */; };
		1A951A8520B4244B00D27F09 /* ViewController.swift in Sources */ = {isa = PBXBuildFile; fileRef = 1A951A8420B4244B00D27F09 /* ViewController.swift */; };
		1A951A8820B4244B00D27F09 /* Main.storyboard in Resources */ = {isa = PBXBuildFile; fileRef = 1A951A8620B4244B00D27F09 /* Main.storyboard */; };
		1A951A8A20B4244D00D27F09 /* Assets.xcassets in Resources */ = {isa = PBXBuildFile; fileRef = 1A951A8920B4244D00D27F09 /* Assets.xcassets */; };
		1A951A8D20B4244D00D27F09 /* LaunchScreen.storyboard in Resources */ = {isa = PBXBuildFile; fileRef = 1A951A8B20B4244D00D27F09 /* LaunchScreen.storyboard */; };
		1A951A9620B425D000D27F09 /* RegisterViewController.swift in Sources */ = {isa = PBXBuildFile; fileRef = 1A951A9520B425D000D27F09 /* RegisterViewController.swift */; };
		1A951A9820B4289900D27F09 /* VerificationViewController.swift in Sources */ = {isa = PBXBuildFile; fileRef = 1A951A9720B4289900D27F09 /* VerificationViewController.swift */; };
		1A951A9B20B509BB00D27F09 /* VerificationViewModel.swift in Sources */ = {isa = PBXBuildFile; fileRef = 1A951A9A20B509BB00D27F09 /* VerificationViewModel.swift */; };
/* End PBXBuildFile section */

/* Begin PBXFileReference section */
		1A951A7F20B4244B00D27F09 /* OTODriver.app */ = {isa = PBXFileReference; explicitFileType = wrapper.application; includeInIndex = 0; path = OTODriver.app; sourceTree = BUILT_PRODUCTS_DIR; };
		1A951A8220B4244B00D27F09 /* AppDelegate.swift */ = {isa = PBXFileReference; lastKnownFileType = sourcecode.swift; path = AppDelegate.swift; sourceTree = "<group>"; };
		1A951A8420B4244B00D27F09 /* ViewController.swift */ = {isa = PBXFileReference; lastKnownFileType = sourcecode.swift; path = ViewController.swift; sourceTree = "<group>"; };
		1A951A8720B4244B00D27F09 /* Base */ = {isa = PBXFileReference; lastKnownFileType = file.storyboard; name = Base; path = Base.lproj/Main.storyboard; sourceTree = "<group>"; };
		1A951A8920B4244D00D27F09 /* Assets.xcassets */ = {isa = PBXFileReference; lastKnownFileType = folder.assetcatalog; path = Assets.xcassets; sourceTree = "<group>"; };
		1A951A8C20B4244D00D27F09 /* Base */ = {isa = PBXFileReference; lastKnownFileType = file.storyboard; name = Base; path = Base.lproj/LaunchScreen.storyboard; sourceTree = "<group>"; };
		1A951A8E20B4244D00D27F09 /* Info.plist */ = {isa = PBXFileReference; lastKnownFileType = text.plist.xml; path = Info.plist; sourceTree = "<group>"; };
		1A951A9520B425D000D27F09 /* RegisterViewController.swift */ = {isa = PBXFileReference; lastKnownFileType = sourcecode.swift; path = RegisterViewController.swift; sourceTree = "<group>"; };
		1A951A9720B4289900D27F09 /* VerificationViewController.swift */ = {isa = PBXFileReference; lastKnownFileType = sourcecode.swift; path = VerificationViewController.swift; sourceTree = "<group>"; };
		1A951A9A20B509BB00D27F09 /* VerificationViewModel.swift */ = {isa = PBXFileReference; lastKnownFileType = sourcecode.swift; path = VerificationViewModel.swift; sourceTree = "<group>"; };
/* End PBXFileReference section */

/* Begin PBXFrameworksBuildPhase section */
		1A951A7C20B4244B00D27F09 /* Frameworks */ = {
			isa = PBXFrameworksBuildPhase;
			buildActionMask = 2147483647;
			files = (
			);
			runOnlyForDeploymentPostprocessing = 0;
		};
/* End PBXFrameworksBuildPhase section */

/* Begin PBXGroup section */
		1A951A7620B4244B00D27F09 = {
			isa = PBXGroup;
			children = (
				1A951A8120B4244B00D27F09 /* OTODriver */,
				1A951A8020B4244B00D27F09 /* Products */,
			);
			sourceTree = "<group>";
		};
		1A951A8020B4244B00D27F09 /* Products */ = {
			isa = PBXGroup;
			children = (
				1A951A7F20B4244B00D27F09 /* OTODriver.app */,
			);
			name = Products;
			sourceTree = "<group>";
		};
		1A951A8120B4244B00D27F09 /* OTODriver */ = {
			isa = PBXGroup;
			children = (
				1A951A9C20B509CD00D27F09 /* Models */,
				1A951A9920B5099C00D27F09 /* ViewModels */,
				1A951A9420B425B300D27F09 /* ViewControllers */,
				1A951A8220B4244B00D27F09 /* AppDelegate.swift */,
				1A951A8420B4244B00D27F09 /* ViewController.swift */,
				1A951A8620B4244B00D27F09 /* Main.storyboard */,
				1A951A8920B4244D00D27F09 /* Assets.xcassets */,
				1A951A8B20B4244D00D27F09 /* LaunchScreen.storyboard */,
				1A951A8E20B4244D00D27F09 /* Info.plist */,
			);
			path = OTODriver;
			sourceTree = "<group>";
		};
		1A951A9420B425B300D27F09 /* ViewControllers */ = {
			isa = PBXGroup;
			children = (
				1A951A9520B425D000D27F09 /* RegisterViewController.swift */,
				1A951A9720B4289900D27F09 /* VerificationViewController.swift */,
			);
			path = ViewControllers;
			sourceTree = "<group>";
		};
		1A951A9920B5099C00D27F09 /* ViewModels */ = {
			isa = PBXGroup;
			children = (
				1A951A9A20B509BB00D27F09 /* VerificationViewModel.swift */,
			);
			path = ViewModels;
			sourceTree = "<group>";
		};
		1A951A9C20B509CD00D27F09 /* Models */ = {
			isa = PBXGroup;
			children = (
			);
			path = Models;
			sourceTree = "<group>";
		};
/* End PBXGroup section */

/* Begin PBXNativeTarget section */
		1A951A7E20B4244B00D27F09 /* OTODriver */ = {
			isa = PBXNativeTarget;
			buildConfigurationList = 1A951A9120B4244D00D27F09 /* Build configuration list for PBXNativeTarget "OTODriver" */;
			buildPhases = (
				1A951A7B20B4244B00D27F09 /* Sources */,
				1A951A7C20B4244B00D27F09 /* Frameworks */,
				1A951A7D20B4244B00D27F09 /* Resources */,
			);
			buildRules = (
			);
			dependencies = (
			);
			name = OTODriver;
			productName = OTODriver;
			productReference = 1A951A7F20B4244B00D27F09 /* OTODriver.app */;
			productType = "com.apple.product-type.application";
		};
/* End PBXNativeTarget section */

/* Begin PBXProject section */
		1A951A7720B4244B00D27F09 /* Project object */ = {
			isa = PBXProject;
			attributes = {
				LastSwiftUpdateCheck = 0930;
				LastUpgradeCheck = 0930;
				ORGANIZATIONNAME = vichhai;
				TargetAttributes = {
					1A951A7E20B4244B00D27F09 = {
						CreatedOnToolsVersion = 9.3;
					};
				};
			};
			buildConfigurationList = 1A951A7A20B4244B00D27F09 /* Build configuration list for PBXProject "OTODriver" */;
			compatibilityVersion = "Xcode 9.3";
			developmentRegion = en;
			hasScannedForEncodings = 0;
			knownRegions = (
				en,
				Base,
			);
			mainGroup = 1A951A7620B4244B00D27F09;
			productRefGroup = 1A951A8020B4244B00D27F09 /* Products */;
			projectDirPath = "";
			projectRoot = "";
			targets = (
				1A951A7E20B4244B00D27F09 /* OTODriver */,
			);
		};
/* End PBXProject section */

/* Begin PBXResourcesBuildPhase section */
		1A951A7D20B4244B00D27F09 /* Resources */ = {
			isa = PBXResourcesBuildPhase;
			buildActionMask = 2147483647;
			files = (
				1A951A8D20B4244D00D27F09 /* LaunchScreen.storyboard in Resources */,
				1A951A8A20B4244D00D27F09 /* Assets.xcassets in Resources */,
				1A951A8820B4244B00D27F09 /* Main.storyboard in Resources */,
			);
			runOnlyForDeploymentPostprocessing = 0;
		};
/* End PBXResourcesBuildPhase section */

/* Begin PBXSourcesBuildPhase section */
		1A951A7B20B4244B00D27F09 /* Sources */ = {
			isa = PBXSourcesBuildPhase;
			buildActionMask = 2147483647;
			files = (
				1A951A9620B425D000D27F09 /* RegisterViewController.swift in Sources */,
				1A951A8520B4244B00D27F09 /* ViewController.swift in Sources */,
				1A951A9820B4289900D27F09 /* VerificationViewController.swift in Sources */,
				1A951A9B20B509BB00D27F09 /* VerificationViewModel.swift in Sources */,
				1A951A8320B4244B00D27F09 /* AppDelegate.swift in Sources */,
			);
			runOnlyForDeploymentPostprocessing = 0;
		};
/* End PBXSourcesBuildPhase section */

/* Begin PBXVariantGroup section */
		1A951A8620B4244B00D27F09 /* Main.storyboard */ = {
			isa = PBXVariantGroup;
			children = (
				1A951A8720B4244B00D27F09 /* Base */,
			);
			name = Main.storyboard;
			sourceTree = "<group>";
		};
		1A951A8B20B4244D00D27F09 /* LaunchScreen.storyboard */ = {
			isa = PBXVariantGroup;
			children = (
				1A951A8C20B4244D00D27F09 /* Base */,
			);
			name = LaunchScreen.storyboard;
			sourceTree = "<group>";
		};
/* End PBXVariantGroup section */

/* Begin XCBuildConfiguration section */
		1A951A8F20B4244D00D27F09 /* Debug */ = {
			isa = XCBuildConfiguration;
			buildSettings = {
				ALWAYS_SEARCH_USER_PATHS = NO;
				CLANG_ANALYZER_NONNULL = YES;
				CLANG_ANALYZER_NUMBER_OBJECT_CONVERSION = YES_AGGRESSIVE;
				CLANG_CXX_LANGUAGE_STANDARD = "gnu++14";
				CLANG_CXX_LIBRARY = "libc++";
				CLANG_ENABLE_MODULES = YES;
				CLANG_ENABLE_OBJC_ARC = YES;
				CLANG_ENABLE_OBJC_WEAK = YES;
				CLANG_WARN_BLOCK_CAPTURE_AUTORELEASING = YES;
				CLANG_WARN_BOOL_CONVERSION = YES;
				CLANG_WARN_COMMA = YES;
				CLANG_WARN_CONSTANT_CONVERSION = YES;
				CLANG_WARN_DEPRECATED_OBJC_IMPLEMENTATIONS = YES;
				CLANG_WARN_DIRECT_OBJC_ISA_USAGE = YES_ERROR;
				CLANG_WARN_DOCUMENTATION_COMMENTS = YES;
				CLANG_WARN_EMPTY_BODY = YES;
				CLANG_WARN_ENUM_CONVERSION = YES;
				CLANG_WARN_INFINITE_RECURSION = YES;
				CLANG_WARN_INT_CONVERSION = YES;
				CLANG_WARN_NON_LITERAL_NULL_CONVERSION = YES;
				CLANG_WARN_OBJC_IMPLICIT_RETAIN_SELF = YES;
				CLANG_WARN_OBJC_LITERAL_CONVERSION = YES;
				CLANG_WARN_OBJC_ROOT_CLASS = YES_ERROR;
				CLANG_WARN_RANGE_LOOP_ANALYSIS = YES;
				CLANG_WARN_STRICT_PROTOTYPES = YES;
				CLANG_WARN_SUSPICIOUS_MOVE = YES;
				CLANG_WARN_UNGUARDED_AVAILABILITY = YES_AGGRESSIVE;
				CLANG_WARN_UNREACHABLE_CODE = YES;
				CLANG_WARN__DUPLICATE_METHOD_MATCH = YES;
				CODE_SIGN_IDENTITY = "iPhone Developer";
				COPY_PHASE_STRIP = NO;
				DEBUG_INFORMATION_FORMAT = dwarf;
				ENABLE_STRICT_OBJC_MSGSEND = YES;
				ENABLE_TESTABILITY = YES;
				GCC_C_LANGUAGE_STANDARD = gnu11;
				GCC_DYNAMIC_NO_PIC = NO;
				GCC_NO_COMMON_BLOCKS = YES;
				GCC_OPTIMIZATION_LEVEL = 0;
				GCC_PREPROCESSOR_DEFINITIONS = (
					"DEBUG=1",
					"$(inherited)",
				);
				GCC_WARN_64_TO_32_BIT_CONVERSION = YES;
				GCC_WARN_ABOUT_RETURN_TYPE = YES_ERROR;
				GCC_WARN_UNDECLARED_SELECTOR = YES;
				GCC_WARN_UNINITIALIZED_AUTOS = YES_AGGRESSIVE;
				GCC_WARN_UNUSED_FUNCTION = YES;
				GCC_WARN_UNUSED_VARIABLE = YES;
				IPHONEOS_DEPLOYMENT_TARGET = 11.3;
				MTL_ENABLE_DEBUG_INFO = YES;
				ONLY_ACTIVE_ARCH = YES;
				SDKROOT = iphoneos;
				SWIFT_ACTIVE_COMPILATION_CONDITIONS = DEBUG;
				SWIFT_OPTIMIZATION_LEVEL = "-Onone";
			};
			name = Debug;
		};
		1A951A9020B4244D00D27F09 /* Release */ = {
			isa = XCBuildConfiguration;
			buildSettings = {
				ALWAYS_SEARCH_USER_PATHS = NO;
				CLANG_ANALYZER_NONNULL = YES;
				CLANG_ANALYZER_NUMBER_OBJECT_CONVERSION = YES_AGGRESSIVE;
				CLANG_CXX_LANGUAGE_STANDARD = "gnu++14";
				CLANG_CXX_LIBRARY = "libc++";
				CLANG_ENABLE_MODULES = YES;
				CLANG_ENABLE_OBJC_ARC = YES;
				CLANG_ENABLE_OBJC_WEAK = YES;
				CLANG_WARN_BLOCK_CAPTURE_AUTORELEASING = YES;
				CLANG_WARN_BOOL_CONVERSION = YES;
				CLANG_WARN_COMMA = YES;
				CLANG_WARN_CONSTANT_CONVERSION = YES;
				CLANG_WARN_DEPRECATED_OBJC_IMPLEMENTATIONS = YES;
				CLANG_WARN_DIRECT_OBJC_ISA_USAGE = YES_ERROR;
				CLANG_WARN_DOCUMENTATION_COMMENTS = YES;
				CLANG_WARN_EMPTY_BODY = YES;
				CLANG_WARN_ENUM_CONVERSION = YES;
				CLANG_WARN_INFINITE_RECURSION = YES;
				CLANG_WARN_INT_CONVERSION = YES;
				CLANG_WARN_NON_LITERAL_NULL_CONVERSION = YES;
				CLANG_WARN_OBJC_IMPLICIT_RETAIN_SELF = YES;
				CLANG_WARN_OBJC_LITERAL_CONVERSION = YES;
				CLANG_WARN_OBJC_ROOT_CLASS = YES_ERROR;
				CLANG_WARN_RANGE_LOOP_ANALYSIS = YES;
				CLANG_WARN_STRICT_PROTOTYPES = YES;
				CLANG_WARN_SUSPICIOUS_MOVE = YES;
				CLANG_WARN_UNGUARDED_AVAILABILITY = YES_AGGRESSIVE;
				CLANG_WARN_UNREACHABLE_CODE = YES;
				CLANG_WARN__DUPLICATE_METHOD_MATCH = YES;
				CODE_SIGN_IDENTITY = "iPhone Developer";
				COPY_PHASE_STRIP = NO;
				DEBUG_INFORMATION_FORMAT = "dwarf-with-dsym";
				ENABLE_NS_ASSERTIONS = NO;
				ENABLE_STRICT_OBJC_MSGSEND = YES;
				GCC_C_LANGUAGE_STANDARD = gnu11;
				GCC_NO_COMMON_BLOCKS = YES;
				GCC_WARN_64_TO_32_BIT_CONVERSION = YES;
				GCC_WARN_ABOUT_RETURN_TYPE = YES_ERROR;
				GCC_WARN_UNDECLARED_SELECTOR = YES;
				GCC_WARN_UNINITIALIZED_AUTOS = YES_AGGRESSIVE;
				GCC_WARN_UNUSED_FUNCTION = YES;
				GCC_WARN_UNUSED_VARIABLE = YES;
				IPHONEOS_DEPLOYMENT_TARGET = 11.3;
				MTL_ENABLE_DEBUG_INFO = NO;
				SDKROOT = iphoneos;
				SWIFT_COMPILATION_MODE = wholemodule;
				SWIFT_OPTIMIZATION_LEVEL = "-O";
				VALIDATE_PRODUCT = YES;
			};
			name = Release;
		};
		1A951A9220B4244D00D27F09 /* Debug */ = {
			isa = XCBuildConfiguration;
			buildSettings = {
				ASSETCATALOG_COMPILER_APPICON_NAME = AppIcon;
				CODE_SIGN_STYLE = Automatic;
				DEVELOPMENT_TEAM = YXK57W277A;
				INFOPLIST_FILE = OTODriver/Info.plist;
				LD_RUNPATH_SEARCH_PATHS = (
					"$(inherited)",
					"@executable_path/Frameworks",
				);
				PRODUCT_BUNDLE_IDENTIFIER = com.donut.OTODriver;
				PRODUCT_NAME = "$(TARGET_NAME)";
				SWIFT_VERSION = 4.0;
				TARGETED_DEVICE_FAMILY = "1,2";
			};
			name = Debug;
		};
		1A951A9320B4244D00D27F09 /* Release */ = {
			isa = XCBuildConfiguration;
			buildSettings = {
				ASSETCATALOG_COMPILER_APPICON_NAME = AppIcon;
				CODE_SIGN_STYLE = Automatic;
				DEVELOPMENT_TEAM = YXK57W277A;
				INFOPLIST_FILE = OTODriver/Info.plist;
				LD_RUNPATH_SEARCH_PATHS = (
					"$(inherited)",
					"@executable_path/Frameworks",
				);
				PRODUCT_BUNDLE_IDENTIFIER = com.donut.OTODriver;
				PRODUCT_NAME = "$(TARGET_NAME)";
				SWIFT_VERSION = 4.0;
				TARGETED_DEVICE_FAMILY = "1,2";
			};
			name = Release;
		};
/* End XCBuildConfiguration section */

/* Begin XCConfigurationList section */
		1A951A7A20B4244B00D27F09 /* Build configuration list for PBXProject "OTODriver" */ = {
			isa = XCConfigurationList;
			buildConfigurations = (
				1A951A8F20B4244D00D27F09 /* Debug */,
				1A951A9020B4244D00D27F09 /* Release */,
			);
			defaultConfigurationIsVisible = 0;
			defaultConfigurationName = Release;
		};
		1A951A9120B4244D00D27F09 /* Build configuration list for PBXNativeTarget "OTODriver" */ = {
			isa = XCConfigurationList;
			buildConfigurations = (
				1A951A9220B4244D00D27F09 /* Debug */,
				1A951A9320B4244D00D27F09 /* Release */,
			);
			defaultConfigurationIsVisible = 0;
			defaultConfigurationName = Release;
		};
/* End XCConfigurationList section */
	};
	rootObject = 1A951A7720B4244B00D27F09 /* Project object */;
}
